
Microsoft Visual Studio Solution File, Format Version 12.00
# Visual Studio 15
VisualStudioVersion = 15.0.27428.2027
MinimumVisualStudioVersion = 10.0.40219.1
Project("{9A19103F-16F7-4668-BE54-9A1E7A4F7556}") = "Bot", "Bot\Bot.csproj", "{0664C263-868A-4E59-8D80-A41331D71970}"
EndProject
Project("{FAE04EC0-301F-11D3-BF4B-00C04F79EFBC}") = "BaseRoles", "BaseRoles\BaseRoles.csproj", "{450B6B90-87A1-4A84-9666-B200A9119502}"
EndProject
Global
	GlobalSection(SolutionConfigurationPlatforms) = preSolution
		Debug|Any CPU = Debug|Any CPU
		Release|Any CPU = Release|Any CPU
	EndGlobalSection
	GlobalSection(ProjectConfigurationPlatforms) = postSolution
		{0664C263-868A-4E59-8D80-A41331D71970}.Debug|Any CPU.ActiveCfg = Debug|Any CPU
		{0664C263-868A-4E59-8D80-A41331D71970}.Debug|Any CPU.Build.0 = Debug|Any CPU
		{0664C263-868A-4E59-8D80-A41331D71970}.Release|Any CPU.ActiveCfg = Release|Any CPU
		{0664C263-868A-4E59-8D80-A41331D71970}.Release|Any CPU.Build.0 = Release|Any CPU
		{450B6B90-87A1-4A84-9666-B200A9119502}.Debug|Any CPU.ActiveCfg = Debug|Any CPU
		{450B6B90-87A1-4A84-9666-B200A9119502}.Debug|Any CPU.Build.0 = Debug|Any CPU
		{450B6B90-87A1-4A84-9666-B200A9119502}.Release|Any CPU.ActiveCfg = Release|Any CPU
		{450B6B90-87A1-4A84-9666-B200A9119502}.Release|Any CPU.Build.0 = Release|Any CPU
	EndGlobalSection
	GlobalSection(SolutionProperties) = preSolution
		HideSolutionNode = FALSE
	EndGlobalSection
	GlobalSection(ExtensibilityGlobals) = postSolution
		SolutionGuid = {C1D17E1B-A9AA-4208-AA08-CAB0FAF3006C}
	EndGlobalSection
EndGlobal
